
Microsoft Visual Studio Solution File, Format Version 12.00
# Visual Studio 2013
VisualStudioVersion = 12.0.21005.1
MinimumVisualStudioVersion = 10.0.40219.1
Project("{FAE04EC0-301F-11D3-BF4B-00C04F79EFBC}") = "Task3", "Task3\Task3.csproj", "{963AD0B2-36BD-4EFB-ABD8-E8F3564B4DFD}"
EndProject
Project("{FAE04EC0-301F-11D3-BF4B-00C04F79EFBC}") = "ATS", "ATS\ATS.csproj", "{685DF395-65D4-4529-8394-1C99A95B1A32}"
EndProject
Project("{FAE04EC0-301F-11D3-BF4B-00C04F79EFBC}") = "Test", "Test\Test.csproj", "{E4F42AD9-2327-4A48-A3BB-A3B4174E0E6C}"
EndProject
Project("{FAE04EC0-301F-11D3-BF4B-00C04F79EFBC}") = "BillingSystem", "BillingSystem\BillingSystem.csproj", "{C1CD18FA-C539-4876-A55B-B531864D7253}"
EndProject
Global
	GlobalSection(SolutionConfigurationPlatforms) = preSolution
		Debug|Any CPU = Debug|Any CPU
		Release|Any CPU = Release|Any CPU
	EndGlobalSection
	GlobalSection(ProjectConfigurationPlatforms) = postSolution
		{963AD0B2-36BD-4EFB-ABD8-E8F3564B4DFD}.Debug|Any CPU.ActiveCfg = Debug|Any CPU
		{963AD0B2-36BD-4EFB-ABD8-E8F3564B4DFD}.Debug|Any CPU.Build.0 = Debug|Any CPU
		{963AD0B2-36BD-4EFB-ABD8-E8F3564B4DFD}.Release|Any CPU.ActiveCfg = Release|Any CPU
		{963AD0B2-36BD-4EFB-ABD8-E8F3564B4DFD}.Release|Any CPU.Build.0 = Release|Any CPU
		{685DF395-65D4-4529-8394-1C99A95B1A32}.Debug|Any CPU.ActiveCfg = Debug|Any CPU
		{685DF395-65D4-4529-8394-1C99A95B1A32}.Debug|Any CPU.Build.0 = Debug|Any CPU
		{685DF395-65D4-4529-8394-1C99A95B1A32}.Release|Any CPU.ActiveCfg = Release|Any CPU
		{685DF395-65D4-4529-8394-1C99A95B1A32}.Release|Any CPU.Build.0 = Release|Any CPU
		{E4F42AD9-2327-4A48-A3BB-A3B4174E0E6C}.Debug|Any CPU.ActiveCfg = Debug|Any CPU
		{E4F42AD9-2327-4A48-A3BB-A3B4174E0E6C}.Debug|Any CPU.Build.0 = Debug|Any CPU
		{E4F42AD9-2327-4A48-A3BB-A3B4174E0E6C}.Release|Any CPU.ActiveCfg = Release|Any CPU
		{E4F42AD9-2327-4A48-A3BB-A3B4174E0E6C}.Release|Any CPU.Build.0 = Release|Any CPU
		{C1CD18FA-C539-4876-A55B-B531864D7253}.Debug|Any CPU.ActiveCfg = Debug|Any CPU
		{C1CD18FA-C539-4876-A55B-B531864D7253}.Debug|Any CPU.Build.0 = Debug|Any CPU
		{C1CD18FA-C539-4876-A55B-B531864D7253}.Release|Any CPU.ActiveCfg = Release|Any CPU
		{C1CD18FA-C539-4876-A55B-B531864D7253}.Release|Any CPU.Build.0 = Release|Any CPU
	EndGlobalSection
	GlobalSection(SolutionProperties) = preSolution
		HideSolutionNode = FALSE
	EndGlobalSection
EndGlobal
